[[package]]
name = "arrayvec"
version = "0.4.7"
source = "registry+https://github.com/rust-lang/crates.io-index"
dependencies = [
 "nodrop 0.1.12 (registry+https://github.com/rust-lang/crates.io-index)",
]

[[package]]
name = "byteorder"
version = "1.2.2"
source = "registry+https://github.com/rust-lang/crates.io-index"

[[package]]
name = "fallible-iterator"
version = "0.1.4"
source = "registry+https://github.com/rust-lang/crates.io-index"

[[package]]
name = "getopts"
version = "0.2.17"
source = "registry+https://github.com/rust-lang/crates.io-index"

[[package]]
name = "gimli"
version = "0.15.0"
source = "registry+https://github.com/rust-lang/crates.io-index"
dependencies = [
 "arrayvec 0.4.7 (registry+https://github.com/rust-lang/crates.io-index)",
 "byteorder 1.2.2 (registry+https://github.com/rust-lang/crates.io-index)",
 "fallible-iterator 0.1.4 (registry+https://github.com/rust-lang/crates.io-index)",
]

[[package]]
name = "nodrop"
version = "0.1.12"
source = "registry+https://github.com/rust-lang/crates.io-index"

[[package]]
name = "rustc-serialize"
version = "0.3.24"
source = "registry+https://github.com/rust-lang/crates.io-index"

[[package]]
name = "vlq"
version = "0.5.1"
source = "registry+https://github.com/rust-lang/crates.io-index"

[[package]]
name = "wasm-dwarf"
version = "0.3.0"
dependencies = [
 "getopts 0.2.17 (registry+https://github.com/rust-lang/crates.io-index)",
 "gimli 0.15.0 (registry+https://github.com/rust-lang/crates.io-index)",
 "rustc-serialize 0.3.24 (registry+https://github.com/rust-lang/crates.io-index)",
 "vlq 0.5.1 (registry+https://github.com/rust-lang/crates.io-index)",
 "wasmparser 0.15.2 (registry+https://github.com/rust-lang/crates.io-index)",
]

[[package]]
name = "wasmparser"
version = "0.15.2"
source = "registry+https://github.com/rust-lang/crates.io-index"

[metadata]
"checksum arrayvec 0.4.7 (registry+https://github.com/rust-lang/crates.io-index)" = "a1e964f9e24d588183fcb43503abda40d288c8657dfc27311516ce2f05675aef"
"checksum byteorder 1.2.2 (registry+https://github.com/rust-lang/crates.io-index)" = "73b5bdfe7ee3ad0b99c9801d58807a9dbc9e09196365b0203853b99889ab3c87"
"checksum fallible-iterator 0.1.4 (registry+https://github.com/rust-lang/crates.io-index)" = "d6034a9c9dfce417c7710128d202eef406878cd2fe294e76e2ee05259c9b042d"
"checksum getopts 0.2.17 (registry+https://github.com/rust-lang/crates.io-index)" = "b900c08c1939860ce8b54dc6a89e26e00c04c380fd0e09796799bd7f12861e05"
"checksum gimli 0.15.0 (registry+https://github.com/rust-lang/crates.io-index)" = "ffa1f5db1b7b50875bd8fc111f64025b05c01c7a6f8f36de0da9d53d02ba5fac"
"checksum nodrop 0.1.12 (registry+https://github.com/rust-lang/crates.io-index)" = "9a2228dca57108069a5262f2ed8bd2e82496d2e074a06d1ccc7ce1687b6ae0a2"
"checksum rustc-serialize 0.3.24 (registry+https://github.com/rust-lang/crates.io-index)" = "dcf128d1287d2ea9d80910b5f1120d0b8eede3fbf1abe91c40d39ea7d51e6fda"
"checksum vlq 0.5.1 (registry+https://github.com/rust-lang/crates.io-index)" = "65dd7eed29412da847b0f78bcec0ac98588165988a8cfe41d4ea1d429f8ccfff"
"checksum wasmparser 0.15.2 (registry+https://github.com/rust-lang/crates.io-index)" = "f07d75a8849df29143ead8f28ccd0e64758643d92216b1ef8220a14458f81d45"
